
Microsoft Visual Studio Solution File, Format Version 12.00
# Visual Studio 15
VisualStudioVersion = 15.0.28307.168
MinimumVisualStudioVersion = 10.0.40219.1
Project("{FAE04EC0-301F-11D3-BF4B-00C04F79EFBC}") = "cTut1", "cTut1\cTut1.csproj", "{29EE796C-FBAF-4271-A88F-4FE592470080}"
EndProject
Project("{FAE04EC0-301F-11D3-BF4B-00C04F79EFBC}") = "ctut2", "ctut2\ctut2.csproj", "{1180FE6A-16D7-420F-B164-08A5ECF2FB52}"
EndProject
Project("{FAE04EC0-301F-11D3-BF4B-00C04F79EFBC}") = "Method", "ConsoleApp1\Method.csproj", "{BDFE3745-A916-454F-896B-353D49681E65}"
EndProject
Project("{FAE04EC0-301F-11D3-BF4B-00C04F79EFBC}") = "ctut3", "ctut3\ctut3.csproj", "{C5638DAF-4B25-496D-AE1C-E3B7C02A2D6E}"
EndProject
Project("{FAE04EC0-301F-11D3-BF4B-00C04F79EFBC}") = "Ctut4", "Ctut4\Ctut4.csproj", "{E74C05BB-5DF0-4E0B-9B54-6B845F038415}"
EndProject
Project("{FAE04EC0-301F-11D3-BF4B-00C04F79EFBC}") = "arraytut", "arraytut\arraytut.csproj", "{2209BBF5-8CF8-4371-AB72-0D39A274CBA6}"
EndProject
Project("{FAE04EC0-301F-11D3-BF4B-00C04F79EFBC}") = "Loops", "Loops\Loops.csproj", "{0984786D-D5C3-42C1-B37E-EFB06D958C97}"
EndProject
Project("{FAE04EC0-301F-11D3-BF4B-00C04F79EFBC}") = "nestedloops", "nestedloops\nestedloops.csproj", "{78E86755-0024-4BBC-A582-497E1F872CE6}"
EndProject
Project("{FAE04EC0-301F-11D3-BF4B-00C04F79EFBC}") = "methods2", "methods2\methods2.csproj", "{D3F5F818-0183-4D35-AB8C-96E2C176C4EF}"
EndProject
Project("{FAE04EC0-301F-11D3-BF4B-00C04F79EFBC}") = "MethodThree", "MethodThree\MethodThree.csproj", "{21DF66FD-06A0-4566-A9D4-ECBA3C1675BA}"
EndProject
Project("{FAE04EC0-301F-11D3-BF4B-00C04F79EFBC}") = "SomeMethods", "AnotherMethodClass\SomeMethods.csproj", "{7DC79518-BC01-4CE6-B9B4-767036E255BE}"
EndProject
Project("{FAE04EC0-301F-11D3-BF4B-00C04F79EFBC}") = "AreaCalc", "AreaCalc\AreaCalc.csproj", "{4E2BB0F4-2790-4CD1-B8EF-D5DD69964EB8}"
EndProject
Project("{FAE04EC0-301F-11D3-BF4B-00C04F79EFBC}") = "AreaMethod", "AreaMethod\AreaMethod.csproj", "{E45C1E6D-C564-432A-9A29-3786D20E8010}"
EndProject
Project("{9A19103F-16F7-4668-BE54-9A1E7A4F7556}") = "AreaMethodXUnitTest", "AreaMethodXUnitTest1\AreaMethodXUnitTest.csproj", "{9DCDC545-BDE8-4E04-BB9D-AC4852B98857}"
EndProject
Project("{9A19103F-16F7-4668-BE54-9A1E7A4F7556}") = "Arrays", "Arrays\Arrays.csproj", "{A1AFE746-BFDA-4B4A-A6EF-CC804878C958}"
EndProject
Project("{9A19103F-16F7-4668-BE54-9A1E7A4F7556}") = "Strings", "Strings\Strings.csproj", "{9CEDD706-968D-447C-BFB2-090021C271F7}"
EndProject
Project("{FAE04EC0-301F-11D3-BF4B-00C04F79EFBC}") = "Stone", "Stone\Stone.csproj", "{AD349ACB-6BAF-46CE-99C2-8D2CAF60FBE4}"
EndProject
Project("{FAE04EC0-301F-11D3-BF4B-00C04F79EFBC}") = "SqlConnection", "SqlConnection\SqlConnection.csproj", "{9BFDD01B-077C-483D-89CE-700DEB1E4568}"
EndProject
Project("{FAE04EC0-301F-11D3-BF4B-00C04F79EFBC}") = "Lists", "Lists\Lists.csproj", "{10622A6D-DA85-4A36-806E-D5EE762D149A}"
EndProject
Project("{FAE04EC0-301F-11D3-BF4B-00C04F79EFBC}") = "Lists2", "Lists2\Lists2.csproj", "{7D305801-F7FF-4E59-BF20-52F948BE2BB7}"
EndProject
Project("{FAE04EC0-301F-11D3-BF4B-00C04F79EFBC}") = "Interactive", "Interactive\Interactive.csproj", "{11DDCB4C-2D4F-44CB-A5E7-35C250D68EEE}"
EndProject
Project("{FAE04EC0-301F-11D3-BF4B-00C04F79EFBC}") = "UserAge", "UserAge\UserAge.csproj", "{3E8C45DD-FC31-4068-9FD9-01A039B0692A}"
EndProject
Project("{FAE04EC0-301F-11D3-BF4B-00C04F79EFBC}") = "RocketCalc", "ParachuteCalc\RocketCalc.csproj", "{B3FF24CB-36BF-43C1-B862-4715B44537E5}"
EndProject
Project("{FAE04EC0-301F-11D3-BF4B-00C04F79EFBC}") = "Decisions", "Decisions\Decisions.csproj", "{0394DD15-AD11-43E1-8DF5-77B545E88BAA}"
EndProject
Project("{FAE04EC0-301F-11D3-BF4B-00C04F79EFBC}") = "Switch1", "Switch1\Switch1.csproj", "{7D1C80BD-F14D-435B-9060-09A3A814268C}"
EndProject
Project("{FAE04EC0-301F-11D3-BF4B-00C04F79EFBC}") = "ForLoop", "ForLoop\ForLoop.csproj", "{A454CC3A-3F8F-4966-8A13-ADC27B52FEBD}"
EndProject
Project("{FAE04EC0-301F-11D3-BF4B-00C04F79EFBC}") = "ForLoop2", "ConsoleApp2\ForLoop2.csproj", "{05B000C1-7ABA-4E86-B641-C293495463AD}"
EndProject
Project("{FAE04EC0-301F-11D3-BF4B-00C04F79EFBC}") = "ForEach1", "ForEach1\ForEach1.csproj", "{ABDF853A-4DF0-4347-8775-5C917E15B5E6}"
EndProject
Project("{FAE04EC0-301F-11D3-BF4B-00C04F79EFBC}") = "WhileLoop1", "WhileLoop1\WhileLoop1.csproj", "{B8A8A4CE-140D-4FCD-9BAB-FC11C8C7AEB3}"
EndProject
Project("{FAE04EC0-301F-11D3-BF4B-00C04F79EFBC}") = "DoWhile1", "DoWhile1\DoWhile1.csproj", "{36C122F3-B203-425C-BFDE-38F5E00C1C08}"
EndProject
Project("{FAE04EC0-301F-11D3-BF4B-00C04F79EFBC}") = "JumpStatements", "JumpStatements\JumpStatements.csproj", "{F3121DC5-3012-479E-990B-613B0FB4B8B8}"
EndProject
Project("{FAE04EC0-301F-11D3-BF4B-00C04F79EFBC}") = "ExceptionHandler", "ExceptionHandler\ExceptionHandler.csproj", "{41877758-488F-42CB-A8E5-347B98F509E1}"
EndProject
Project("{FAE04EC0-301F-11D3-BF4B-00C04F79EFBC}") = "Hash", "Hash\Hash.csproj", "{0E1E67F5-EDFA-4E17-96EA-F00F4A567306}"
EndProject
Project("{FAE04EC0-301F-11D3-BF4B-00C04F79EFBC}") = "ClassTut1", "ClassTut1\ClassTut1.csproj", "{24C9EA06-E388-4C81-85BD-49DDD70368DD}"
EndProject
Project("{FAE04EC0-301F-11D3-BF4B-00C04F79EFBC}") = "ClassTut2", "ClassTut2\ClassTut2.csproj", "{DD3DBDE3-21FB-475C-922F-A6A09C146E97}"
EndProject
Project("{FAE04EC0-301F-11D3-BF4B-00C04F79EFBC}") = "Arraymethod", "Arraymethod\Arraymethod.csproj", "{76AFB08E-C768-4BF0-A76F-9FA2B315C448}"
EndProject
Project("{FAE04EC0-301F-11D3-BF4B-00C04F79EFBC}") = "ListMethod", "ArrayMethod2\ListMethod.csproj", "{189579C6-1782-4F7D-B607-FD17D1424760}"
EndProject
Project("{FAE04EC0-301F-11D3-BF4B-00C04F79EFBC}") = "ArrayMethod2", "ListMethod2\ArrayMethod2.csproj", "{E6CB3914-6E12-4A45-BA1E-2ACA0AFC5125}"
EndProject
Project("{FAE04EC0-301F-11D3-BF4B-00C04F79EFBC}") = "ParamMethod", "ParamMethod\ParamMethod.csproj", "{D381EF50-F38E-4CF1-899E-1A0D02B1715E}"
EndProject
Project("{FAE04EC0-301F-11D3-BF4B-00C04F79EFBC}") = "RefMethod", "RefMethod\RefMethod.csproj", "{77AE8945-B9D8-4FFA-9A3A-D9A09FDA5EAD}"
EndProject
Project("{FAE04EC0-301F-11D3-BF4B-00C04F79EFBC}") = "Inheritance", "Inheritance\Inheritance.csproj", "{77F2C720-AB61-4C66-86E5-0C689C06463C}"
EndProject
Project("{FAE04EC0-301F-11D3-BF4B-00C04F79EFBC}") = "Inheritance0", "Inheritance0\Inheritance0.csproj", "{488B0BC0-30E1-4547-AD24-BE066946024E}"
EndProject
Project("{FAE04EC0-301F-11D3-BF4B-00C04F79EFBC}") = "Polymorphism", "Polymorphism\Polymorphism.csproj", "{FCA6CBCE-B6A1-4AC8-8334-C1E4DAFFEA23}"
EndProject
Project("{FAE04EC0-301F-11D3-BF4B-00C04F79EFBC}") = "AnotherInherit", "AnotherInherit\AnotherInherit.csproj", "{AD361628-B366-4FAA-8DB3-E0188BCDF882}"
EndProject
Global
	GlobalSection(SolutionConfigurationPlatforms) = preSolution
		Debug|Any CPU = Debug|Any CPU
		Release|Any CPU = Release|Any CPU
	EndGlobalSection
	GlobalSection(ProjectConfigurationPlatforms) = postSolution
		{29EE796C-FBAF-4271-A88F-4FE592470080}.Debug|Any CPU.ActiveCfg = Debug|Any CPU
		{29EE796C-FBAF-4271-A88F-4FE592470080}.Debug|Any CPU.Build.0 = Debug|Any CPU
		{29EE796C-FBAF-4271-A88F-4FE592470080}.Release|Any CPU.ActiveCfg = Release|Any CPU
		{29EE796C-FBAF-4271-A88F-4FE592470080}.Release|Any CPU.Build.0 = Release|Any CPU
		{1180FE6A-16D7-420F-B164-08A5ECF2FB52}.Debug|Any CPU.ActiveCfg = Debug|Any CPU
		{1180FE6A-16D7-420F-B164-08A5ECF2FB52}.Debug|Any CPU.Build.0 = Debug|Any CPU
		{1180FE6A-16D7-420F-B164-08A5ECF2FB52}.Release|Any CPU.ActiveCfg = Release|Any CPU
		{1180FE6A-16D7-420F-B164-08A5ECF2FB52}.Release|Any CPU.Build.0 = Release|Any CPU
		{BDFE3745-A916-454F-896B-353D49681E65}.Debug|Any CPU.ActiveCfg = Debug|Any CPU
		{BDFE3745-A916-454F-896B-353D49681E65}.Debug|Any CPU.Build.0 = Debug|Any CPU
		{BDFE3745-A916-454F-896B-353D49681E65}.Release|Any CPU.ActiveCfg = Release|Any CPU
		{BDFE3745-A916-454F-896B-353D49681E65}.Release|Any CPU.Build.0 = Release|Any CPU
		{C5638DAF-4B25-496D-AE1C-E3B7C02A2D6E}.Debug|Any CPU.ActiveCfg = Debug|Any CPU
		{C5638DAF-4B25-496D-AE1C-E3B7C02A2D6E}.Debug|Any CPU.Build.0 = Debug|Any CPU
		{C5638DAF-4B25-496D-AE1C-E3B7C02A2D6E}.Release|Any CPU.ActiveCfg = Release|Any CPU
		{C5638DAF-4B25-496D-AE1C-E3B7C02A2D6E}.Release|Any CPU.Build.0 = Release|Any CPU
		{E74C05BB-5DF0-4E0B-9B54-6B845F038415}.Debug|Any CPU.ActiveCfg = Debug|Any CPU
		{E74C05BB-5DF0-4E0B-9B54-6B845F038415}.Debug|Any CPU.Build.0 = Debug|Any CPU
		{E74C05BB-5DF0-4E0B-9B54-6B845F038415}.Release|Any CPU.ActiveCfg = Release|Any CPU
		{E74C05BB-5DF0-4E0B-9B54-6B845F038415}.Release|Any CPU.Build.0 = Release|Any CPU
		{2209BBF5-8CF8-4371-AB72-0D39A274CBA6}.Debug|Any CPU.ActiveCfg = Debug|Any CPU
		{2209BBF5-8CF8-4371-AB72-0D39A274CBA6}.Debug|Any CPU.Build.0 = Debug|Any CPU
		{2209BBF5-8CF8-4371-AB72-0D39A274CBA6}.Release|Any CPU.ActiveCfg = Release|Any CPU
		{2209BBF5-8CF8-4371-AB72-0D39A274CBA6}.Release|Any CPU.Build.0 = Release|Any CPU
		{0984786D-D5C3-42C1-B37E-EFB06D958C97}.Debug|Any CPU.ActiveCfg = Debug|Any CPU
		{0984786D-D5C3-42C1-B37E-EFB06D958C97}.Debug|Any CPU.Build.0 = Debug|Any CPU
		{0984786D-D5C3-42C1-B37E-EFB06D958C97}.Release|Any CPU.ActiveCfg = Release|Any CPU
		{0984786D-D5C3-42C1-B37E-EFB06D958C97}.Release|Any CPU.Build.0 = Release|Any CPU
		{78E86755-0024-4BBC-A582-497E1F872CE6}.Debug|Any CPU.ActiveCfg = Debug|Any CPU
		{78E86755-0024-4BBC-A582-497E1F872CE6}.Debug|Any CPU.Build.0 = Debug|Any CPU
		{78E86755-0024-4BBC-A582-497E1F872CE6}.Release|Any CPU.ActiveCfg = Release|Any CPU
		{78E86755-0024-4BBC-A582-497E1F872CE6}.Release|Any CPU.Build.0 = Release|Any CPU
		{D3F5F818-0183-4D35-AB8C-96E2C176C4EF}.Debug|Any CPU.ActiveCfg = Debug|Any CPU
		{D3F5F818-0183-4D35-AB8C-96E2C176C4EF}.Debug|Any CPU.Build.0 = Debug|Any CPU
		{D3F5F818-0183-4D35-AB8C-96E2C176C4EF}.Release|Any CPU.ActiveCfg = Release|Any CPU
		{D3F5F818-0183-4D35-AB8C-96E2C176C4EF}.Release|Any CPU.Build.0 = Release|Any CPU
		{21DF66FD-06A0-4566-A9D4-ECBA3C1675BA}.Debug|Any CPU.ActiveCfg = Debug|Any CPU
		{21DF66FD-06A0-4566-A9D4-ECBA3C1675BA}.Debug|Any CPU.Build.0 = Debug|Any CPU
		{21DF66FD-06A0-4566-A9D4-ECBA3C1675BA}.Release|Any CPU.ActiveCfg = Release|Any CPU
		{21DF66FD-06A0-4566-A9D4-ECBA3C1675BA}.Release|Any CPU.Build.0 = Release|Any CPU
		{7DC79518-BC01-4CE6-B9B4-767036E255BE}.Debug|Any CPU.ActiveCfg = Debug|Any CPU
		{7DC79518-BC01-4CE6-B9B4-767036E255BE}.Debug|Any CPU.Build.0 = Debug|Any CPU
		{7DC79518-BC01-4CE6-B9B4-767036E255BE}.Release|Any CPU.ActiveCfg = Release|Any CPU
		{7DC79518-BC01-4CE6-B9B4-767036E255BE}.Release|Any CPU.Build.0 = Release|Any CPU
		{4E2BB0F4-2790-4CD1-B8EF-D5DD69964EB8}.Debug|Any CPU.ActiveCfg = Debug|Any CPU
		{4E2BB0F4-2790-4CD1-B8EF-D5DD69964EB8}.Debug|Any CPU.Build.0 = Debug|Any CPU
		{4E2BB0F4-2790-4CD1-B8EF-D5DD69964EB8}.Release|Any CPU.ActiveCfg = Release|Any CPU
		{4E2BB0F4-2790-4CD1-B8EF-D5DD69964EB8}.Release|Any CPU.Build.0 = Release|Any CPU
		{E45C1E6D-C564-432A-9A29-3786D20E8010}.Debug|Any CPU.ActiveCfg = Debug|Any CPU
		{E45C1E6D-C564-432A-9A29-3786D20E8010}.Debug|Any CPU.Build.0 = Debug|Any CPU
		{E45C1E6D-C564-432A-9A29-3786D20E8010}.Release|Any CPU.ActiveCfg = Release|Any CPU
		{E45C1E6D-C564-432A-9A29-3786D20E8010}.Release|Any CPU.Build.0 = Release|Any CPU
		{9DCDC545-BDE8-4E04-BB9D-AC4852B98857}.Debug|Any CPU.ActiveCfg = Debug|Any CPU
		{9DCDC545-BDE8-4E04-BB9D-AC4852B98857}.Debug|Any CPU.Build.0 = Debug|Any CPU
		{9DCDC545-BDE8-4E04-BB9D-AC4852B98857}.Release|Any CPU.ActiveCfg = Release|Any CPU
		{9DCDC545-BDE8-4E04-BB9D-AC4852B98857}.Release|Any CPU.Build.0 = Release|Any CPU
		{A1AFE746-BFDA-4B4A-A6EF-CC804878C958}.Debug|Any CPU.ActiveCfg = Debug|Any CPU
		{A1AFE746-BFDA-4B4A-A6EF-CC804878C958}.Debug|Any CPU.Build.0 = Debug|Any CPU
		{A1AFE746-BFDA-4B4A-A6EF-CC804878C958}.Release|Any CPU.ActiveCfg = Release|Any CPU
		{A1AFE746-BFDA-4B4A-A6EF-CC804878C958}.Release|Any CPU.Build.0 = Release|Any CPU
		{9CEDD706-968D-447C-BFB2-090021C271F7}.Debug|Any CPU.ActiveCfg = Debug|Any CPU
		{9CEDD706-968D-447C-BFB2-090021C271F7}.Debug|Any CPU.Build.0 = Debug|Any CPU
		{9CEDD706-968D-447C-BFB2-090021C271F7}.Release|Any CPU.ActiveCfg = Release|Any CPU
		{9CEDD706-968D-447C-BFB2-090021C271F7}.Release|Any CPU.Build.0 = Release|Any CPU
		{AD349ACB-6BAF-46CE-99C2-8D2CAF60FBE4}.Debug|Any CPU.ActiveCfg = Debug|Any CPU
		{AD349ACB-6BAF-46CE-99C2-8D2CAF60FBE4}.Debug|Any CPU.Build.0 = Debug|Any CPU
		{AD349ACB-6BAF-46CE-99C2-8D2CAF60FBE4}.Release|Any CPU.ActiveCfg = Release|Any CPU
		{AD349ACB-6BAF-46CE-99C2-8D2CAF60FBE4}.Release|Any CPU.Build.0 = Release|Any CPU
		{9BFDD01B-077C-483D-89CE-700DEB1E4568}.Debug|Any CPU.ActiveCfg = Debug|Any CPU
		{9BFDD01B-077C-483D-89CE-700DEB1E4568}.Debug|Any CPU.Build.0 = Debug|Any CPU
		{9BFDD01B-077C-483D-89CE-700DEB1E4568}.Release|Any CPU.ActiveCfg = Release|Any CPU
		{9BFDD01B-077C-483D-89CE-700DEB1E4568}.Release|Any CPU.Build.0 = Release|Any CPU
		{10622A6D-DA85-4A36-806E-D5EE762D149A}.Debug|Any CPU.ActiveCfg = Debug|Any CPU
		{10622A6D-DA85-4A36-806E-D5EE762D149A}.Debug|Any CPU.Build.0 = Debug|Any CPU
		{10622A6D-DA85-4A36-806E-D5EE762D149A}.Release|Any CPU.ActiveCfg = Release|Any CPU
		{10622A6D-DA85-4A36-806E-D5EE762D149A}.Release|Any CPU.Build.0 = Release|Any CPU
		{7D305801-F7FF-4E59-BF20-52F948BE2BB7}.Debug|Any CPU.ActiveCfg = Debug|Any CPU
		{7D305801-F7FF-4E59-BF20-52F948BE2BB7}.Debug|Any CPU.Build.0 = Debug|Any CPU
		{7D305801-F7FF-4E59-BF20-52F948BE2BB7}.Release|Any CPU.ActiveCfg = Release|Any CPU
		{7D305801-F7FF-4E59-BF20-52F948BE2BB7}.Release|Any CPU.Build.0 = Release|Any CPU
		{11DDCB4C-2D4F-44CB-A5E7-35C250D68EEE}.Debug|Any CPU.ActiveCfg = Debug|Any CPU
		{11DDCB4C-2D4F-44CB-A5E7-35C250D68EEE}.Debug|Any CPU.Build.0 = Debug|Any CPU
		{11DDCB4C-2D4F-44CB-A5E7-35C250D68EEE}.Release|Any CPU.ActiveCfg = Release|Any CPU
		{11DDCB4C-2D4F-44CB-A5E7-35C250D68EEE}.Release|Any CPU.Build.0 = Release|Any CPU
		{3E8C45DD-FC31-4068-9FD9-01A039B0692A}.Debug|Any CPU.ActiveCfg = Debug|Any CPU
		{3E8C45DD-FC31-4068-9FD9-01A039B0692A}.Debug|Any CPU.Build.0 = Debug|Any CPU
		{3E8C45DD-FC31-4068-9FD9-01A039B0692A}.Release|Any CPU.ActiveCfg = Release|Any CPU
		{3E8C45DD-FC31-4068-9FD9-01A039B0692A}.Release|Any CPU.Build.0 = Release|Any CPU
		{B3FF24CB-36BF-43C1-B862-4715B44537E5}.Debug|Any CPU.ActiveCfg = Debug|Any CPU
		{B3FF24CB-36BF-43C1-B862-4715B44537E5}.Debug|Any CPU.Build.0 = Debug|Any CPU
		{B3FF24CB-36BF-43C1-B862-4715B44537E5}.Release|Any CPU.ActiveCfg = Release|Any CPU
		{B3FF24CB-36BF-43C1-B862-4715B44537E5}.Release|Any CPU.Build.0 = Release|Any CPU
		{0394DD15-AD11-43E1-8DF5-77B545E88BAA}.Debug|Any CPU.ActiveCfg = Debug|Any CPU
		{0394DD15-AD11-43E1-8DF5-77B545E88BAA}.Debug|Any CPU.Build.0 = Debug|Any CPU
		{0394DD15-AD11-43E1-8DF5-77B545E88BAA}.Release|Any CPU.ActiveCfg = Release|Any CPU
		{0394DD15-AD11-43E1-8DF5-77B545E88BAA}.Release|Any CPU.Build.0 = Release|Any CPU
		{7D1C80BD-F14D-435B-9060-09A3A814268C}.Debug|Any CPU.ActiveCfg = Debug|Any CPU
		{7D1C80BD-F14D-435B-9060-09A3A814268C}.Debug|Any CPU.Build.0 = Debug|Any CPU
		{7D1C80BD-F14D-435B-9060-09A3A814268C}.Release|Any CPU.ActiveCfg = Release|Any CPU
		{7D1C80BD-F14D-435B-9060-09A3A814268C}.Release|Any CPU.Build.0 = Release|Any CPU
		{A454CC3A-3F8F-4966-8A13-ADC27B52FEBD}.Debug|Any CPU.ActiveCfg = Debug|Any CPU
		{A454CC3A-3F8F-4966-8A13-ADC27B52FEBD}.Debug|Any CPU.Build.0 = Debug|Any CPU
		{A454CC3A-3F8F-4966-8A13-ADC27B52FEBD}.Release|Any CPU.ActiveCfg = Release|Any CPU
		{A454CC3A-3F8F-4966-8A13-ADC27B52FEBD}.Release|Any CPU.Build.0 = Release|Any CPU
		{05B000C1-7ABA-4E86-B641-C293495463AD}.Debug|Any CPU.ActiveCfg = Debug|Any CPU
		{05B000C1-7ABA-4E86-B641-C293495463AD}.Debug|Any CPU.Build.0 = Debug|Any CPU
		{05B000C1-7ABA-4E86-B641-C293495463AD}.Release|Any CPU.ActiveCfg = Release|Any CPU
		{05B000C1-7ABA-4E86-B641-C293495463AD}.Release|Any CPU.Build.0 = Release|Any CPU
		{ABDF853A-4DF0-4347-8775-5C917E15B5E6}.Debug|Any CPU.ActiveCfg = Debug|Any CPU
		{ABDF853A-4DF0-4347-8775-5C917E15B5E6}.Debug|Any CPU.Build.0 = Debug|Any CPU
		{ABDF853A-4DF0-4347-8775-5C917E15B5E6}.Release|Any CPU.ActiveCfg = Release|Any CPU
		{ABDF853A-4DF0-4347-8775-5C917E15B5E6}.Release|Any CPU.Build.0 = Release|Any CPU
		{B8A8A4CE-140D-4FCD-9BAB-FC11C8C7AEB3}.Debug|Any CPU.ActiveCfg = Debug|Any CPU
		{B8A8A4CE-140D-4FCD-9BAB-FC11C8C7AEB3}.Debug|Any CPU.Build.0 = Debug|Any CPU
		{B8A8A4CE-140D-4FCD-9BAB-FC11C8C7AEB3}.Release|Any CPU.ActiveCfg = Release|Any CPU
		{B8A8A4CE-140D-4FCD-9BAB-FC11C8C7AEB3}.Release|Any CPU.Build.0 = Release|Any CPU
		{36C122F3-B203-425C-BFDE-38F5E00C1C08}.Debug|Any CPU.ActiveCfg = Debug|Any CPU
		{36C122F3-B203-425C-BFDE-38F5E00C1C08}.Debug|Any CPU.Build.0 = Debug|Any CPU
		{36C122F3-B203-425C-BFDE-38F5E00C1C08}.Release|Any CPU.ActiveCfg = Release|Any CPU
		{36C122F3-B203-425C-BFDE-38F5E00C1C08}.Release|Any CPU.Build.0 = Release|Any CPU
		{F3121DC5-3012-479E-990B-613B0FB4B8B8}.Debug|Any CPU.ActiveCfg = Debug|Any CPU
		{F3121DC5-3012-479E-990B-613B0FB4B8B8}.Debug|Any CPU.Build.0 = Debug|Any CPU
		{F3121DC5-3012-479E-990B-613B0FB4B8B8}.Release|Any CPU.ActiveCfg = Release|Any CPU
		{F3121DC5-3012-479E-990B-613B0FB4B8B8}.Release|Any CPU.Build.0 = Release|Any CPU
		{41877758-488F-42CB-A8E5-347B98F509E1}.Debug|Any CPU.ActiveCfg = Debug|Any CPU
		{41877758-488F-42CB-A8E5-347B98F509E1}.Debug|Any CPU.Build.0 = Debug|Any CPU
		{41877758-488F-42CB-A8E5-347B98F509E1}.Release|Any CPU.ActiveCfg = Release|Any CPU
		{41877758-488F-42CB-A8E5-347B98F509E1}.Release|Any CPU.Build.0 = Release|Any CPU
		{0E1E67F5-EDFA-4E17-96EA-F00F4A567306}.Debug|Any CPU.ActiveCfg = Debug|Any CPU
		{0E1E67F5-EDFA-4E17-96EA-F00F4A567306}.Debug|Any CPU.Build.0 = Debug|Any CPU
		{0E1E67F5-EDFA-4E17-96EA-F00F4A567306}.Release|Any CPU.ActiveCfg = Release|Any CPU
		{0E1E67F5-EDFA-4E17-96EA-F00F4A567306}.Release|Any CPU.Build.0 = Release|Any CPU
		{24C9EA06-E388-4C81-85BD-49DDD70368DD}.Debug|Any CPU.ActiveCfg = Debug|Any CPU
		{24C9EA06-E388-4C81-85BD-49DDD70368DD}.Debug|Any CPU.Build.0 = Debug|Any CPU
		{24C9EA06-E388-4C81-85BD-49DDD70368DD}.Release|Any CPU.ActiveCfg = Release|Any CPU
		{24C9EA06-E388-4C81-85BD-49DDD70368DD}.Release|Any CPU.Build.0 = Release|Any CPU
		{DD3DBDE3-21FB-475C-922F-A6A09C146E97}.Debug|Any CPU.ActiveCfg = Debug|Any CPU
		{DD3DBDE3-21FB-475C-922F-A6A09C146E97}.Debug|Any CPU.Build.0 = Debug|Any CPU
		{DD3DBDE3-21FB-475C-922F-A6A09C146E97}.Release|Any CPU.ActiveCfg = Release|Any CPU
		{DD3DBDE3-21FB-475C-922F-A6A09C146E97}.Release|Any CPU.Build.0 = Release|Any CPU
		{76AFB08E-C768-4BF0-A76F-9FA2B315C448}.Debug|Any CPU.ActiveCfg = Debug|Any CPU
		{76AFB08E-C768-4BF0-A76F-9FA2B315C448}.Debug|Any CPU.Build.0 = Debug|Any CPU
		{76AFB08E-C768-4BF0-A76F-9FA2B315C448}.Release|Any CPU.ActiveCfg = Release|Any CPU
		{76AFB08E-C768-4BF0-A76F-9FA2B315C448}.Release|Any CPU.Build.0 = Release|Any CPU
		{189579C6-1782-4F7D-B607-FD17D1424760}.Debug|Any CPU.ActiveCfg = Debug|Any CPU
		{189579C6-1782-4F7D-B607-FD17D1424760}.Debug|Any CPU.Build.0 = Debug|Any CPU
		{189579C6-1782-4F7D-B607-FD17D1424760}.Release|Any CPU.ActiveCfg = Release|Any CPU
		{189579C6-1782-4F7D-B607-FD17D1424760}.Release|Any CPU.Build.0 = Release|Any CPU
		{E6CB3914-6E12-4A45-BA1E-2ACA0AFC5125}.Debug|Any CPU.ActiveCfg = Debug|Any CPU
		{E6CB3914-6E12-4A45-BA1E-2ACA0AFC5125}.Debug|Any CPU.Build.0 = Debug|Any CPU
		{E6CB3914-6E12-4A45-BA1E-2ACA0AFC5125}.Release|Any CPU.ActiveCfg = Release|Any CPU
		{E6CB3914-6E12-4A45-BA1E-2ACA0AFC5125}.Release|Any CPU.Build.0 = Release|Any CPU
		{D381EF50-F38E-4CF1-899E-1A0D02B1715E}.Debug|Any CPU.ActiveCfg = Debug|Any CPU
		{D381EF50-F38E-4CF1-899E-1A0D02B1715E}.Debug|Any CPU.Build.0 = Debug|Any CPU
		{D381EF50-F38E-4CF1-899E-1A0D02B1715E}.Release|Any CPU.ActiveCfg = Release|Any CPU
		{D381EF50-F38E-4CF1-899E-1A0D02B1715E}.Release|Any CPU.Build.0 = Release|Any CPU
		{77AE8945-B9D8-4FFA-9A3A-D9A09FDA5EAD}.Debug|Any CPU.ActiveCfg = Debug|Any CPU
		{77AE8945-B9D8-4FFA-9A3A-D9A09FDA5EAD}.Debug|Any CPU.Build.0 = Debug|Any CPU
		{77AE8945-B9D8-4FFA-9A3A-D9A09FDA5EAD}.Release|Any CPU.ActiveCfg = Release|Any CPU
		{77AE8945-B9D8-4FFA-9A3A-D9A09FDA5EAD}.Release|Any CPU.Build.0 = Release|Any CPU
		{77F2C720-AB61-4C66-86E5-0C689C06463C}.Debug|Any CPU.ActiveCfg = Debug|Any CPU
		{77F2C720-AB61-4C66-86E5-0C689C06463C}.Debug|Any CPU.Build.0 = Debug|Any CPU
		{77F2C720-AB61-4C66-86E5-0C689C06463C}.Release|Any CPU.ActiveCfg = Release|Any CPU
		{77F2C720-AB61-4C66-86E5-0C689C06463C}.Release|Any CPU.Build.0 = Release|Any CPU
		{488B0BC0-30E1-4547-AD24-BE066946024E}.Debug|Any CPU.ActiveCfg = Debug|Any CPU
		{488B0BC0-30E1-4547-AD24-BE066946024E}.Debug|Any CPU.Build.0 = Debug|Any CPU
		{488B0BC0-30E1-4547-AD24-BE066946024E}.Release|Any CPU.ActiveCfg = Release|Any CPU
		{488B0BC0-30E1-4547-AD24-BE066946024E}.Release|Any CPU.Build.0 = Release|Any CPU
		{FCA6CBCE-B6A1-4AC8-8334-C1E4DAFFEA23}.Debug|Any CPU.ActiveCfg = Debug|Any CPU
		{FCA6CBCE-B6A1-4AC8-8334-C1E4DAFFEA23}.Debug|Any CPU.Build.0 = Debug|Any CPU
		{FCA6CBCE-B6A1-4AC8-8334-C1E4DAFFEA23}.Release|Any CPU.ActiveCfg = Release|Any CPU
		{FCA6CBCE-B6A1-4AC8-8334-C1E4DAFFEA23}.Release|Any CPU.Build.0 = Release|Any CPU
		{AD361628-B366-4FAA-8DB3-E0188BCDF882}.Debug|Any CPU.ActiveCfg = Debug|Any CPU
		{AD361628-B366-4FAA-8DB3-E0188BCDF882}.Debug|Any CPU.Build.0 = Debug|Any CPU
		{AD361628-B366-4FAA-8DB3-E0188BCDF882}.Release|Any CPU.ActiveCfg = Release|Any CPU
		{AD361628-B366-4FAA-8DB3-E0188BCDF882}.Release|Any CPU.Build.0 = Release|Any CPU
	EndGlobalSection
	GlobalSection(SolutionProperties) = preSolution
		HideSolutionNode = FALSE
	EndGlobalSection
	GlobalSection(ExtensibilityGlobals) = postSolution
		SolutionGuid = {406B3FF7-69C4-44AF-B7B4-5E0624AFE26E}
	EndGlobalSection
EndGlobal
